// !$*UTF8*$!
{
	archiveVersion = 1;
	classes = {
	};
	objectVersion = 56;
	objects = {

/* Begin PBXBuildFile section */
		DB28E0B42C695312009B4024 /* TrackerCollectionViewCell.swift in Sources */ = {isa = PBXBuildFile; fileRef = DB28E0B32C695312009B4024 /* TrackerCollectionViewCell.swift */; };
		DB2F5C422C59A46C008FF94F /* AppDelegate.swift in Sources */ = {isa = PBXBuildFile; fileRef = DB2F5C412C59A46C008FF94F /* AppDelegate.swift */; };
		DB2F5C442C59A46C008FF94F /* SceneDelegate.swift in Sources */ = {isa = PBXBuildFile; fileRef = DB2F5C432C59A46C008FF94F /* SceneDelegate.swift */; };
		DB2F5C4B2C59A46D008FF94F /* Assets.xcassets in Resources */ = {isa = PBXBuildFile; fileRef = DB2F5C4A2C59A46D008FF94F /* Assets.xcassets */; };
		DB2F5C4E2C59A46D008FF94F /* LaunchScreen.storyboard in Resources */ = {isa = PBXBuildFile; fileRef = DB2F5C4C2C59A46D008FF94F /* LaunchScreen.storyboard */; };
		DB2F5C562C5BE0C0008FF94F /* StatisticViewController.swift in Sources */ = {isa = PBXBuildFile; fileRef = DB2F5C552C5BE0C0008FF94F /* StatisticViewController.swift */; };
		DB2F5C582C5BE169008FF94F /* TrackerViewController.swift in Sources */ = {isa = PBXBuildFile; fileRef = DB2F5C572C5BE169008FF94F /* TrackerViewController.swift */; };
		DB2F5C5A2C5BEC53008FF94F /* TabBarViewController.swift in Sources */ = {isa = PBXBuildFile; fileRef = DB2F5C592C5BEC53008FF94F /* TabBarViewController.swift */; };
		DB2F5CA22C62960A008FF94F /* Tracker.swift in Sources */ = {isa = PBXBuildFile; fileRef = DB2F5CA12C62960A008FF94F /* Tracker.swift */; };
		DB2F5CA52C629627008FF94F /* TrackerCategory.swift in Sources */ = {isa = PBXBuildFile; fileRef = DB2F5CA42C629627008FF94F /* TrackerCategory.swift */; };
		DB2F5CA72C62962E008FF94F /* TrackerRecord.swift in Sources */ = {isa = PBXBuildFile; fileRef = DB2F5CA62C62962E008FF94F /* TrackerRecord.swift */; };
		DB3B35262C7E7D2B00441F97 /* TrackerDataModel.xcdatamodeld in Sources */ = {isa = PBXBuildFile; fileRef = DB3B35242C7E7D2B00441F97 /* TrackerDataModel.xcdatamodeld */; };
		DB3D4E672C7635BE00909C20 /* NewIrregularEventViewController.swift in Sources */ = {isa = PBXBuildFile; fileRef = DB3D4E662C7635BE00909C20 /* NewIrregularEventViewController.swift */; };
		DB3D4E692C77F13100909C20 /*  EmojiCollectionViewCell.swift in Sources */ = {isa = PBXBuildFile; fileRef = DB3D4E682C77F13100909C20 /*  EmojiCollectionViewCell.swift */; };
		DB3D4E6B2C77F64200909C20 /* EmojiHeaderCollectionView.swift in Sources */ = {isa = PBXBuildFile; fileRef = DB3D4E6A2C77F64200909C20 /* EmojiHeaderCollectionView.swift */; };
		DB3D4E6D2C79387B00909C20 /* ColorCollectionViewCell.swift in Sources */ = {isa = PBXBuildFile; fileRef = DB3D4E6C2C79387B00909C20 /* ColorCollectionViewCell.swift */; };
		DB457C312CAF46BF00F1B0E8 /* OnboardingPageViewController.swift in Sources */ = {isa = PBXBuildFile; fileRef = DB457C302CAF46BF00F1B0E8 /* OnboardingPageViewController.swift */; };
		DB457C332CAF47FE00F1B0E8 /* OnboardingViewController.swift in Sources */ = {isa = PBXBuildFile; fileRef = DB457C322CAF47FD00F1B0E8 /* OnboardingViewController.swift */; };
		DB9D581F2C6AB265008053D2 /* AddNewTrackerViewController.swift in Sources */ = {isa = PBXBuildFile; fileRef = DB9D581E2C6AB265008053D2 /* AddNewTrackerViewController.swift */; };
		DB9D58222C6AB85F008053D2 /* NewHabitViewController.swift in Sources */ = {isa = PBXBuildFile; fileRef = DB9D58212C6AB85F008053D2 /* NewHabitViewController.swift */; };
		DB9D58252C6ABDEC008053D2 /* PaddedTextField.swift in Sources */ = {isa = PBXBuildFile; fileRef = DB9D58242C6ABDEC008053D2 /* PaddedTextField.swift */; };
		DB9D58292C6AC710008053D2 /* TrackerTableCell.swift in Sources */ = {isa = PBXBuildFile; fileRef = DB9D58282C6AC710008053D2 /* TrackerTableCell.swift */; };
		DB9D582B2C6D6E63008053D2 /* ScheduleViewController.swift in Sources */ = {isa = PBXBuildFile; fileRef = DB9D582A2C6D6E63008053D2 /* ScheduleViewController.swift */; };
		DB9D582D2C6D7159008053D2 /* ScheduleTableViewCell.swift in Sources */ = {isa = PBXBuildFile; fileRef = DB9D582C2C6D7159008053D2 /* ScheduleTableViewCell.swift */; };
		DB9D582F2C6FFE0E008053D2 /* TrackerCategoryHeaderView.swift in Sources */ = {isa = PBXBuildFile; fileRef = DB9D582E2C6FFE0E008053D2 /* TrackerCategoryHeaderView.swift */; };
		DB9D58312C701149008053D2 /* CategoryViewController.swift in Sources */ = {isa = PBXBuildFile; fileRef = DB9D58302C701149008053D2 /* CategoryViewController.swift */; };
		DB9D58332C712AC7008053D2 /* DaySelection .swift in Sources */ = {isa = PBXBuildFile; fileRef = DB9D58322C712AC7008053D2 /* DaySelection .swift */; };
		DBBEA09B2C7FDB2500AB4CA9 /* TrackerStore.swift in Sources */ = {isa = PBXBuildFile; fileRef = DBBEA09A2C7FDB2500AB4CA9 /* TrackerStore.swift */; };
		DBBEA09D2C7FDB2E00AB4CA9 /* TrackerCategoryStore.swift in Sources */ = {isa = PBXBuildFile; fileRef = DBBEA09C2C7FDB2E00AB4CA9 /* TrackerCategoryStore.swift */; };
		DBBEA09F2C7FDB3700AB4CA9 /* TrackerRecordStore.swift in Sources */ = {isa = PBXBuildFile; fileRef = DBBEA09E2C7FDB3700AB4CA9 /* TrackerRecordStore.swift */; };
		DBBEA0A12C7FE12200AB4CA9 /* UIColorMarshalling.swift in Sources */ = {isa = PBXBuildFile; fileRef = DBBEA0A02C7FE12200AB4CA9 /* UIColorMarshalling.swift */; };
		DBBEA0A52C7FE51D00AB4CA9 /* ScheduleTransformer.swift in Sources */ = {isa = PBXBuildFile; fileRef = DBBEA0A42C7FE51D00AB4CA9 /* ScheduleTransformer.swift */; };
		DBF2E1642CB07D2D00499554 /* UserDefaultsKeys.swift in Sources */ = {isa = PBXBuildFile; fileRef = DBF2E1632CB07D2D00499554 /* UserDefaultsKeys.swift */; };
/* End PBXBuildFile section */

/* Begin PBXFileReference section */
		DB28E0B32C695312009B4024 /* TrackerCollectionViewCell.swift */ = {isa = PBXFileReference; lastKnownFileType = sourcecode.swift; path = TrackerCollectionViewCell.swift; sourceTree = "<group>"; };
		DB2F5C3E2C59A46C008FF94F /* Tracker.app */ = {isa = PBXFileReference; explicitFileType = wrapper.application; includeInIndex = 0; path = Tracker.app; sourceTree = BUILT_PRODUCTS_DIR; };
		DB2F5C412C59A46C008FF94F /* AppDelegate.swift */ = {isa = PBXFileReference; lastKnownFileType = sourcecode.swift; path = AppDelegate.swift; sourceTree = "<group>"; };
		DB2F5C432C59A46C008FF94F /* SceneDelegate.swift */ = {isa = PBXFileReference; lastKnownFileType = sourcecode.swift; path = SceneDelegate.swift; sourceTree = "<group>"; };
		DB2F5C4A2C59A46D008FF94F /* Assets.xcassets */ = {isa = PBXFileReference; lastKnownFileType = folder.assetcatalog; path = Assets.xcassets; sourceTree = "<group>"; };
		DB2F5C4D2C59A46D008FF94F /* Base */ = {isa = PBXFileReference; lastKnownFileType = file.storyboard; name = Base; path = Base.lproj/LaunchScreen.storyboard; sourceTree = "<group>"; };
		DB2F5C4F2C59A46D008FF94F /* Info.plist */ = {isa = PBXFileReference; lastKnownFileType = text.plist.xml; path = Info.plist; sourceTree = "<group>"; };
		DB2F5C552C5BE0C0008FF94F /* StatisticViewController.swift */ = {isa = PBXFileReference; lastKnownFileType = sourcecode.swift; path = StatisticViewController.swift; sourceTree = "<group>"; };
		DB2F5C572C5BE169008FF94F /* TrackerViewController.swift */ = {isa = PBXFileReference; lastKnownFileType = sourcecode.swift; path = TrackerViewController.swift; sourceTree = "<group>"; };
		DB2F5C592C5BEC53008FF94F /* TabBarViewController.swift */ = {isa = PBXFileReference; lastKnownFileType = sourcecode.swift; path = TabBarViewController.swift; sourceTree = "<group>"; };
		DB2F5CA12C62960A008FF94F /* Tracker.swift */ = {isa = PBXFileReference; lastKnownFileType = sourcecode.swift; path = Tracker.swift; sourceTree = "<group>"; };
		DB2F5CA42C629627008FF94F /* TrackerCategory.swift */ = {isa = PBXFileReference; lastKnownFileType = sourcecode.swift; path = TrackerCategory.swift; sourceTree = "<group>"; };
		DB2F5CA62C62962E008FF94F /* TrackerRecord.swift */ = {isa = PBXFileReference; lastKnownFileType = sourcecode.swift; path = TrackerRecord.swift; sourceTree = "<group>"; };
		DB3B35252C7E7D2B00441F97 /* TrackerDataModel.xcdatamodel */ = {isa = PBXFileReference; lastKnownFileType = wrapper.xcdatamodel; path = TrackerDataModel.xcdatamodel; sourceTree = "<group>"; };
		DB3D4E662C7635BE00909C20 /* NewIrregularEventViewController.swift */ = {isa = PBXFileReference; lastKnownFileType = sourcecode.swift; path = NewIrregularEventViewController.swift; sourceTree = "<group>"; };
		DB3D4E682C77F13100909C20 /*  EmojiCollectionViewCell.swift */ = {isa = PBXFileReference; lastKnownFileType = sourcecode.swift; path = " EmojiCollectionViewCell.swift"; sourceTree = "<group>"; };
		DB3D4E6A2C77F64200909C20 /* EmojiHeaderCollectionView.swift */ = {isa = PBXFileReference; lastKnownFileType = sourcecode.swift; path = EmojiHeaderCollectionView.swift; sourceTree = "<group>"; };
		DB3D4E6C2C79387B00909C20 /* ColorCollectionViewCell.swift */ = {isa = PBXFileReference; lastKnownFileType = sourcecode.swift; path = ColorCollectionViewCell.swift; sourceTree = "<group>"; };
		DB457C302CAF46BF00F1B0E8 /* OnboardingPageViewController.swift */ = {isa = PBXFileReference; lastKnownFileType = sourcecode.swift; path = OnboardingPageViewController.swift; sourceTree = "<group>"; };
		DB457C322CAF47FD00F1B0E8 /* OnboardingViewController.swift */ = {isa = PBXFileReference; lastKnownFileType = sourcecode.swift; path = OnboardingViewController.swift; sourceTree = "<group>"; };
		DB9D581E2C6AB265008053D2 /* AddNewTrackerViewController.swift */ = {isa = PBXFileReference; lastKnownFileType = sourcecode.swift; path = AddNewTrackerViewController.swift; sourceTree = "<group>"; };
		DB9D58212C6AB85F008053D2 /* NewHabitViewController.swift */ = {isa = PBXFileReference; lastKnownFileType = sourcecode.swift; path = NewHabitViewController.swift; sourceTree = "<group>"; };
		DB9D58242C6ABDEC008053D2 /* PaddedTextField.swift */ = {isa = PBXFileReference; lastKnownFileType = sourcecode.swift; path = PaddedTextField.swift; sourceTree = "<group>"; };
		DB9D58282C6AC710008053D2 /* TrackerTableCell.swift */ = {isa = PBXFileReference; lastKnownFileType = sourcecode.swift; path = TrackerTableCell.swift; sourceTree = "<group>"; };
		DB9D582A2C6D6E63008053D2 /* ScheduleViewController.swift */ = {isa = PBXFileReference; lastKnownFileType = sourcecode.swift; path = ScheduleViewController.swift; sourceTree = "<group>"; };
		DB9D582C2C6D7159008053D2 /* ScheduleTableViewCell.swift */ = {isa = PBXFileReference; lastKnownFileType = sourcecode.swift; path = ScheduleTableViewCell.swift; sourceTree = "<group>"; };
		DB9D582E2C6FFE0E008053D2 /* TrackerCategoryHeaderView.swift */ = {isa = PBXFileReference; lastKnownFileType = sourcecode.swift; path = TrackerCategoryHeaderView.swift; sourceTree = "<group>"; };
		DB9D58302C701149008053D2 /* CategoryViewController.swift */ = {isa = PBXFileReference; lastKnownFileType = sourcecode.swift; path = CategoryViewController.swift; sourceTree = "<group>"; };
		DB9D58322C712AC7008053D2 /* DaySelection .swift */ = {isa = PBXFileReference; lastKnownFileType = sourcecode.swift; path = "DaySelection .swift"; sourceTree = "<group>"; };
		DBBEA09A2C7FDB2500AB4CA9 /* TrackerStore.swift */ = {isa = PBXFileReference; lastKnownFileType = sourcecode.swift; path = TrackerStore.swift; sourceTree = "<group>"; };
		DBBEA09C2C7FDB2E00AB4CA9 /* TrackerCategoryStore.swift */ = {isa = PBXFileReference; lastKnownFileType = sourcecode.swift; path = TrackerCategoryStore.swift; sourceTree = "<group>"; };
		DBBEA09E2C7FDB3700AB4CA9 /* TrackerRecordStore.swift */ = {isa = PBXFileReference; lastKnownFileType = sourcecode.swift; path = TrackerRecordStore.swift; sourceTree = "<group>"; };
		DBBEA0A02C7FE12200AB4CA9 /* UIColorMarshalling.swift */ = {isa = PBXFileReference; lastKnownFileType = sourcecode.swift; path = UIColorMarshalling.swift; sourceTree = "<group>"; };
		DBBEA0A42C7FE51D00AB4CA9 /* ScheduleTransformer.swift */ = {isa = PBXFileReference; lastKnownFileType = sourcecode.swift; path = ScheduleTransformer.swift; sourceTree = "<group>"; };
		DBF2E1632CB07D2D00499554 /* UserDefaultsKeys.swift */ = {isa = PBXFileReference; lastKnownFileType = sourcecode.swift; path = UserDefaultsKeys.swift; sourceTree = "<group>"; };
/* End PBXFileReference section */

/* Begin PBXFrameworksBuildPhase section */
		DB2F5C3B2C59A46C008FF94F /* Frameworks */ = {
			isa = PBXFrameworksBuildPhase;
			buildActionMask = 2147483647;
			files = (
			);
			runOnlyForDeploymentPostprocessing = 0;
		};
/* End PBXFrameworksBuildPhase section */

/* Begin PBXGroup section */
		DB2F5C352C59A46C008FF94F = {
			isa = PBXGroup;
			children = (
				DB2F5C402C59A46C008FF94F /* Tracker */,
				DB2F5C3F2C59A46C008FF94F /* Products */,
			);
			sourceTree = "<group>";
		};
		DB2F5C3F2C59A46C008FF94F /* Products */ = {
			isa = PBXGroup;
			children = (
				DB2F5C3E2C59A46C008FF94F /* Tracker.app */,
			);
			name = Products;
			sourceTree = "<group>";
		};
		DB2F5C402C59A46C008FF94F /* Tracker */ = {
			isa = PBXGroup;
			children = (
				DB2F5C412C59A46C008FF94F /* AppDelegate.swift */,
				DB2F5C432C59A46C008FF94F /* SceneDelegate.swift */,
				DB3B35242C7E7D2B00441F97 /* TrackerDataModel.xcdatamodeld */,
				DB457C2F2CAF46A300F1B0E8 /* OnboardingViewControllers */,
				DB9D581D2C6AAE57008053D2 /* MainControllers */,
				DB9D58202C6AB785008053D2 /* ViewControllers */,
				DB9D58232C6ABDD8008053D2 /* Helpers */,
				DB2F5CA32C629612008FF94F /* Models */,
				DBBEA0992C7FDB0700AB4CA9 /* Store */,
				DB2F5C4A2C59A46D008FF94F /* Assets.xcassets */,
				DB2F5C4C2C59A46D008FF94F /* LaunchScreen.storyboard */,
				DB2F5C4F2C59A46D008FF94F /* Info.plist */,
			);
			path = Tracker;
			sourceTree = "<group>";
		};
		DB2F5CA32C629612008FF94F /* Models */ = {
			isa = PBXGroup;
			children = (
				DB9D58322C712AC7008053D2 /* DaySelection .swift */,
				DB2F5CA12C62960A008FF94F /* Tracker.swift */,
				DB2F5CA42C629627008FF94F /* TrackerCategory.swift */,
				DB2F5CA62C62962E008FF94F /* TrackerRecord.swift */,
			);
			path = Models;
			sourceTree = "<group>";
		};
		DB457C2F2CAF46A300F1B0E8 /* OnboardingViewControllers */ = {
			isa = PBXGroup;
			children = (
				DB457C302CAF46BF00F1B0E8 /* OnboardingPageViewController.swift */,
				DB457C322CAF47FD00F1B0E8 /* OnboardingViewController.swift */,
			);
			path = OnboardingViewControllers;
			sourceTree = "<group>";
		};
		DB9D581D2C6AAE57008053D2 /* MainControllers */ = {
			isa = PBXGroup;
			children = (
				DB2F5C572C5BE169008FF94F /* TrackerViewController.swift */,
				DB2F5C552C5BE0C0008FF94F /* StatisticViewController.swift */,
				DB2F5C592C5BEC53008FF94F /* TabBarViewController.swift */,
			);
			path = MainControllers;
			sourceTree = "<group>";
		};
		DB9D58202C6AB785008053D2 /* ViewControllers */ = {
			isa = PBXGroup;
			children = (
				DB9D581E2C6AB265008053D2 /* AddNewTrackerViewController.swift */,
				DB9D58212C6AB85F008053D2 /* NewHabitViewController.swift */,
				DB3D4E662C7635BE00909C20 /* NewIrregularEventViewController.swift */,
				DB9D582A2C6D6E63008053D2 /* ScheduleViewController.swift */,
				DB9D58302C701149008053D2 /* CategoryViewController.swift */,
			);
			path = ViewControllers;
			sourceTree = "<group>";
		};
		DB9D58232C6ABDD8008053D2 /* Helpers */ = {
			isa = PBXGroup;
			children = (
				DB9D58242C6ABDEC008053D2 /* PaddedTextField.swift */,
				DB3D4E682C77F13100909C20 /*  EmojiCollectionViewCell.swift */,
				DB3D4E6C2C79387B00909C20 /* ColorCollectionViewCell.swift */,
				DB9D58282C6AC710008053D2 /* TrackerTableCell.swift */,
				DB9D582C2C6D7159008053D2 /* ScheduleTableViewCell.swift */,
				DB9D582E2C6FFE0E008053D2 /* TrackerCategoryHeaderView.swift */,
				DB3D4E6A2C77F64200909C20 /* EmojiHeaderCollectionView.swift */,
				DB28E0B32C695312009B4024 /* TrackerCollectionViewCell.swift */,
				DBF2E1632CB07D2D00499554 /* UserDefaultsKeys.swift */,
			);
			path = Helpers;
			sourceTree = "<group>";
		};
		DBBEA0992C7FDB0700AB4CA9 /* Store */ = {
			isa = PBXGroup;
			children = (
				DBBEA09A2C7FDB2500AB4CA9 /* TrackerStore.swift */,
				DBBEA09C2C7FDB2E00AB4CA9 /* TrackerCategoryStore.swift */,
				DBBEA09E2C7FDB3700AB4CA9 /* TrackerRecordStore.swift */,
				DBBEA0A42C7FE51D00AB4CA9 /* ScheduleTransformer.swift */,
				DBBEA0A02C7FE12200AB4CA9 /* UIColorMarshalling.swift */,
			);
			path = Store;
			sourceTree = "<group>";
		};
/* End PBXGroup section */

/* Begin PBXNativeTarget section */
		DB2F5C3D2C59A46C008FF94F /* Tracker */ = {
			isa = PBXNativeTarget;
			buildConfigurationList = DB2F5C522C59A46D008FF94F /* Build configuration list for PBXNativeTarget "Tracker" */;
			buildPhases = (
				DB2F5C3A2C59A46C008FF94F /* Sources */,
				DB2F5C3B2C59A46C008FF94F /* Frameworks */,
				DB2F5C3C2C59A46C008FF94F /* Resources */,
			);
			buildRules = (
			);
			dependencies = (
			);
			name = Tracker;
			productName = Tracker;
			productReference = DB2F5C3E2C59A46C008FF94F /* Tracker.app */;
			productType = "com.apple.product-type.application";
		};
/* End PBXNativeTarget section */

/* Begin PBXProject section */
		DB2F5C362C59A46C008FF94F /* Project object */ = {
			isa = PBXProject;
			attributes = {
				BuildIndependentTargetsInParallel = 1;
				LastSwiftUpdateCheck = 1520;
				LastUpgradeCheck = 1520;
				TargetAttributes = {
					DB2F5C3D2C59A46C008FF94F = {
						CreatedOnToolsVersion = 15.2;
					};
				};
			};
			buildConfigurationList = DB2F5C392C59A46C008FF94F /* Build configuration list for PBXProject "Tracker" */;
			compatibilityVersion = "Xcode 14.0";
			developmentRegion = en;
			hasScannedForEncodings = 0;
			knownRegions = (
				en,
				Base,
			);
			mainGroup = DB2F5C352C59A46C008FF94F;
			productRefGroup = DB2F5C3F2C59A46C008FF94F /* Products */;
			projectDirPath = "";
			projectRoot = "";
			targets = (
				DB2F5C3D2C59A46C008FF94F /* Tracker */,
			);
		};
/* End PBXProject section */

/* Begin PBXResourcesBuildPhase section */
		DB2F5C3C2C59A46C008FF94F /* Resources */ = {
			isa = PBXResourcesBuildPhase;
			buildActionMask = 2147483647;
			files = (
				DB2F5C4E2C59A46D008FF94F /* LaunchScreen.storyboard in Resources */,
				DB2F5C4B2C59A46D008FF94F /* Assets.xcassets in Resources */,
			);
			runOnlyForDeploymentPostprocessing = 0;
		};
/* End PBXResourcesBuildPhase section */

/* Begin PBXSourcesBuildPhase section */
		DB2F5C3A2C59A46C008FF94F /* Sources */ = {
			isa = PBXSourcesBuildPhase;
			buildActionMask = 2147483647;
			files = (
				DB9D582B2C6D6E63008053D2 /* ScheduleViewController.swift in Sources */,
				DB9D581F2C6AB265008053D2 /* AddNewTrackerViewController.swift in Sources */,
				DB9D58222C6AB85F008053D2 /* NewHabitViewController.swift in Sources */,
				DB2F5CA22C62960A008FF94F /* Tracker.swift in Sources */,
				DB2F5CA72C62962E008FF94F /* TrackerRecord.swift in Sources */,
				DBBEA09F2C7FDB3700AB4CA9 /* TrackerRecordStore.swift in Sources */,
				DB3D4E692C77F13100909C20 /*  EmojiCollectionViewCell.swift in Sources */,
				DB457C332CAF47FE00F1B0E8 /* OnboardingViewController.swift in Sources */,
				DB2F5C422C59A46C008FF94F /* AppDelegate.swift in Sources */,
				DB9D58332C712AC7008053D2 /* DaySelection .swift in Sources */,
				DB457C312CAF46BF00F1B0E8 /* OnboardingPageViewController.swift in Sources */,
				DB3D4E6D2C79387B00909C20 /* ColorCollectionViewCell.swift in Sources */,
				DB3B35262C7E7D2B00441F97 /* TrackerDataModel.xcdatamodeld in Sources */,
				DBF2E1642CB07D2D00499554 /* UserDefaultsKeys.swift in Sources */,
				DB9D582D2C6D7159008053D2 /* ScheduleTableViewCell.swift in Sources */,
				DB9D582F2C6FFE0E008053D2 /* TrackerCategoryHeaderView.swift in Sources */,
				DB2F5C582C5BE169008FF94F /* TrackerViewController.swift in Sources */,
				DB28E0B42C695312009B4024 /* TrackerCollectionViewCell.swift in Sources */,
				DBBEA0A52C7FE51D00AB4CA9 /* ScheduleTransformer.swift in Sources */,
				DBBEA09B2C7FDB2500AB4CA9 /* TrackerStore.swift in Sources */,
				DB3D4E6B2C77F64200909C20 /* EmojiHeaderCollectionView.swift in Sources */,
				DBBEA09D2C7FDB2E00AB4CA9 /* TrackerCategoryStore.swift in Sources */,
				DB9D58252C6ABDEC008053D2 /* PaddedTextField.swift in Sources */,
				DB2F5C442C59A46C008FF94F /* SceneDelegate.swift in Sources */,
				DB9D58292C6AC710008053D2 /* TrackerTableCell.swift in Sources */,
				DB2F5C5A2C5BEC53008FF94F /* TabBarViewController.swift in Sources */,
				DB2F5C562C5BE0C0008FF94F /* StatisticViewController.swift in Sources */,
				DB9D58312C701149008053D2 /* CategoryViewController.swift in Sources */,
				DB3D4E672C7635BE00909C20 /* NewIrregularEventViewController.swift in Sources */,
				DBBEA0A12C7FE12200AB4CA9 /* UIColorMarshalling.swift in Sources */,
				DB2F5CA52C629627008FF94F /* TrackerCategory.swift in Sources */,
			);
			runOnlyForDeploymentPostprocessing = 0;
		};
/* End PBXSourcesBuildPhase section */

/* Begin PBXVariantGroup section */
		DB2F5C4C2C59A46D008FF94F /* LaunchScreen.storyboard */ = {
			isa = PBXVariantGroup;
			children = (
				DB2F5C4D2C59A46D008FF94F /* Base */,
			);
			name = LaunchScreen.storyboard;
			sourceTree = "<group>";
		};
/* End PBXVariantGroup section */

/* Begin XCBuildConfiguration section */
		DB2F5C502C59A46D008FF94F /* Debug */ = {
			isa = XCBuildConfiguration;
			buildSettings = {
				ALWAYS_SEARCH_USER_PATHS = NO;
				ASSETCATALOG_COMPILER_GENERATE_SWIFT_ASSET_SYMBOL_EXTENSIONS = YES;
				CLANG_ANALYZER_NONNULL = YES;
				CLANG_ANALYZER_NUMBER_OBJECT_CONVERSION = YES_AGGRESSIVE;
				CLANG_CXX_LANGUAGE_STANDARD = "gnu++20";
				CLANG_ENABLE_MODULES = YES;
				CLANG_ENABLE_OBJC_ARC = YES;
				CLANG_ENABLE_OBJC_WEAK = YES;
				CLANG_WARN_BLOCK_CAPTURE_AUTORELEASING = YES;
				CLANG_WARN_BOOL_CONVERSION = YES;
				CLANG_WARN_COMMA = YES;
				CLANG_WARN_CONSTANT_CONVERSION = YES;
				CLANG_WARN_DEPRECATED_OBJC_IMPLEMENTATIONS = YES;
				CLANG_WARN_DIRECT_OBJC_ISA_USAGE = YES_ERROR;
				CLANG_WARN_DOCUMENTATION_COMMENTS = YES;
				CLANG_WARN_EMPTY_BODY = YES;
				CLANG_WARN_ENUM_CONVERSION = YES;
				CLANG_WARN_INFINITE_RECURSION = YES;
				CLANG_WARN_INT_CONVERSION = YES;
				CLANG_WARN_NON_LITERAL_NULL_CONVERSION = YES;
				CLANG_WARN_OBJC_IMPLICIT_RETAIN_SELF = YES;
				CLANG_WARN_OBJC_LITERAL_CONVERSION = YES;
				CLANG_WARN_OBJC_ROOT_CLASS = YES_ERROR;
				CLANG_WARN_QUOTED_INCLUDE_IN_FRAMEWORK_HEADER = YES;
				CLANG_WARN_RANGE_LOOP_ANALYSIS = YES;
				CLANG_WARN_STRICT_PROTOTYPES = YES;
				CLANG_WARN_SUSPICIOUS_MOVE = YES;
				CLANG_WARN_UNGUARDED_AVAILABILITY = YES_AGGRESSIVE;
				CLANG_WARN_UNREACHABLE_CODE = YES;
				CLANG_WARN__DUPLICATE_METHOD_MATCH = YES;
				COPY_PHASE_STRIP = NO;
				DEBUG_INFORMATION_FORMAT = dwarf;
				ENABLE_STRICT_OBJC_MSGSEND = YES;
				ENABLE_TESTABILITY = YES;
				ENABLE_USER_SCRIPT_SANDBOXING = YES;
				GCC_C_LANGUAGE_STANDARD = gnu17;
				GCC_DYNAMIC_NO_PIC = NO;
				GCC_NO_COMMON_BLOCKS = YES;
				GCC_OPTIMIZATION_LEVEL = 0;
				GCC_PREPROCESSOR_DEFINITIONS = (
					"DEBUG=1",
					"$(inherited)",
				);
				GCC_WARN_64_TO_32_BIT_CONVERSION = YES;
				GCC_WARN_ABOUT_RETURN_TYPE = YES_ERROR;
				GCC_WARN_UNDECLARED_SELECTOR = YES;
				GCC_WARN_UNINITIALIZED_AUTOS = YES_AGGRESSIVE;
				GCC_WARN_UNUSED_FUNCTION = YES;
				GCC_WARN_UNUSED_VARIABLE = YES;
				IPHONEOS_DEPLOYMENT_TARGET = 17.2;
				LOCALIZATION_PREFERS_STRING_CATALOGS = YES;
				MTL_ENABLE_DEBUG_INFO = INCLUDE_SOURCE;
				MTL_FAST_MATH = YES;
				ONLY_ACTIVE_ARCH = YES;
				SDKROOT = iphoneos;
				SWIFT_ACTIVE_COMPILATION_CONDITIONS = "DEBUG $(inherited)";
				SWIFT_OPTIMIZATION_LEVEL = "-Onone";
			};
			name = Debug;
		};
		DB2F5C512C59A46D008FF94F /* Release */ = {
			isa = XCBuildConfiguration;
			buildSettings = {
				ALWAYS_SEARCH_USER_PATHS = NO;
				ASSETCATALOG_COMPILER_GENERATE_SWIFT_ASSET_SYMBOL_EXTENSIONS = YES;
				CLANG_ANALYZER_NONNULL = YES;
				CLANG_ANALYZER_NUMBER_OBJECT_CONVERSION = YES_AGGRESSIVE;
				CLANG_CXX_LANGUAGE_STANDARD = "gnu++20";
				CLANG_ENABLE_MODULES = YES;
				CLANG_ENABLE_OBJC_ARC = YES;
				CLANG_ENABLE_OBJC_WEAK = YES;
				CLANG_WARN_BLOCK_CAPTURE_AUTORELEASING = YES;
				CLANG_WARN_BOOL_CONVERSION = YES;
				CLANG_WARN_COMMA = YES;
				CLANG_WARN_CONSTANT_CONVERSION = YES;
				CLANG_WARN_DEPRECATED_OBJC_IMPLEMENTATIONS = YES;
				CLANG_WARN_DIRECT_OBJC_ISA_USAGE = YES_ERROR;
				CLANG_WARN_DOCUMENTATION_COMMENTS = YES;
				CLANG_WARN_EMPTY_BODY = YES;
				CLANG_WARN_ENUM_CONVERSION = YES;
				CLANG_WARN_INFINITE_RECURSION = YES;
				CLANG_WARN_INT_CONVERSION = YES;
				CLANG_WARN_NON_LITERAL_NULL_CONVERSION = YES;
				CLANG_WARN_OBJC_IMPLICIT_RETAIN_SELF = YES;
				CLANG_WARN_OBJC_LITERAL_CONVERSION = YES;
				CLANG_WARN_OBJC_ROOT_CLASS = YES_ERROR;
				CLANG_WARN_QUOTED_INCLUDE_IN_FRAMEWORK_HEADER = YES;
				CLANG_WARN_RANGE_LOOP_ANALYSIS = YES;
				CLANG_WARN_STRICT_PROTOTYPES = YES;
				CLANG_WARN_SUSPICIOUS_MOVE = YES;
				CLANG_WARN_UNGUARDED_AVAILABILITY = YES_AGGRESSIVE;
				CLANG_WARN_UNREACHABLE_CODE = YES;
				CLANG_WARN__DUPLICATE_METHOD_MATCH = YES;
				COPY_PHASE_STRIP = NO;
				DEBUG_INFORMATION_FORMAT = "dwarf-with-dsym";
				ENABLE_NS_ASSERTIONS = NO;
				ENABLE_STRICT_OBJC_MSGSEND = YES;
				ENABLE_USER_SCRIPT_SANDBOXING = YES;
				GCC_C_LANGUAGE_STANDARD = gnu17;
				GCC_NO_COMMON_BLOCKS = YES;
				GCC_WARN_64_TO_32_BIT_CONVERSION = YES;
				GCC_WARN_ABOUT_RETURN_TYPE = YES_ERROR;
				GCC_WARN_UNDECLARED_SELECTOR = YES;
				GCC_WARN_UNINITIALIZED_AUTOS = YES_AGGRESSIVE;
				GCC_WARN_UNUSED_FUNCTION = YES;
				GCC_WARN_UNUSED_VARIABLE = YES;
				IPHONEOS_DEPLOYMENT_TARGET = 17.2;
				LOCALIZATION_PREFERS_STRING_CATALOGS = YES;
				MTL_ENABLE_DEBUG_INFO = NO;
				MTL_FAST_MATH = YES;
				SDKROOT = iphoneos;
				SWIFT_COMPILATION_MODE = wholemodule;
				VALIDATE_PRODUCT = YES;
			};
			name = Release;
		};
		DB2F5C532C59A46D008FF94F /* Debug */ = {
			isa = XCBuildConfiguration;
			buildSettings = {
				ASSETCATALOG_COMPILER_APPICON_NAME = AppIcon;
				ASSETCATALOG_COMPILER_GLOBAL_ACCENT_COLOR_NAME = AccentColor;
				CODE_SIGN_STYLE = Automatic;
				CURRENT_PROJECT_VERSION = 1;
				DEVELOPMENT_TEAM = FDT8P6ZSK5;
				GENERATE_INFOPLIST_FILE = YES;
				INFOPLIST_FILE = Tracker/Info.plist;
				INFOPLIST_KEY_UIApplicationSupportsIndirectInputEvents = YES;
				INFOPLIST_KEY_UILaunchStoryboardName = LaunchScreen;
				INFOPLIST_KEY_UISupportedInterfaceOrientations_iPad = "UIInterfaceOrientationPortrait UIInterfaceOrientationPortraitUpsideDown UIInterfaceOrientationLandscapeLeft UIInterfaceOrientationLandscapeRight";
				INFOPLIST_KEY_UISupportedInterfaceOrientations_iPhone = "UIInterfaceOrientationPortrait UIInterfaceOrientationLandscapeLeft UIInterfaceOrientationLandscapeRight";
				IPHONEOS_DEPLOYMENT_TARGET = 13.4;
				LD_RUNPATH_SEARCH_PATHS = (
					"$(inherited)",
					"@executable_path/Frameworks",
				);
				MARKETING_VERSION = 1.0;
				PRODUCT_BUNDLE_IDENTIFIER = ru.bangmd.Tracker;
				PRODUCT_NAME = "$(TARGET_NAME)";
				SUPPORTED_PLATFORMS = "iphoneos iphonesimulator";
				SUPPORTS_MACCATALYST = NO;
				SUPPORTS_MAC_DESIGNED_FOR_IPHONE_IPAD = NO;
				SUPPORTS_XR_DESIGNED_FOR_IPHONE_IPAD = NO;
				SWIFT_EMIT_LOC_STRINGS = YES;
				SWIFT_VERSION = 5.0;
				TARGETED_DEVICE_FAMILY = 1;
			};
			name = Debug;
		};
		DB2F5C542C59A46D008FF94F /* Release */ = {
			isa = XCBuildConfiguration;
			buildSettings = {
				ASSETCATALOG_COMPILER_APPICON_NAME = AppIcon;
				ASSETCATALOG_COMPILER_GLOBAL_ACCENT_COLOR_NAME = AccentColor;
				CODE_SIGN_STYLE = Automatic;
				CURRENT_PROJECT_VERSION = 1;
				DEVELOPMENT_TEAM = FDT8P6ZSK5;
				GENERATE_INFOPLIST_FILE = YES;
				INFOPLIST_FILE = Tracker/Info.plist;
				INFOPLIST_KEY_UIApplicationSupportsIndirectInputEvents = YES;
				INFOPLIST_KEY_UILaunchStoryboardName = LaunchScreen;
				INFOPLIST_KEY_UISupportedInterfaceOrientations_iPad = "UIInterfaceOrientationPortrait UIInterfaceOrientationPortraitUpsideDown UIInterfaceOrientationLandscapeLeft UIInterfaceOrientationLandscapeRight";
				INFOPLIST_KEY_UISupportedInterfaceOrientations_iPhone = "UIInterfaceOrientationPortrait UIInterfaceOrientationLandscapeLeft UIInterfaceOrientationLandscapeRight";
				IPHONEOS_DEPLOYMENT_TARGET = 13.4;
				LD_RUNPATH_SEARCH_PATHS = (
					"$(inherited)",
					"@executable_path/Frameworks",
				);
				MARKETING_VERSION = 1.0;
				PRODUCT_BUNDLE_IDENTIFIER = ru.bangmd.Tracker;
				PRODUCT_NAME = "$(TARGET_NAME)";
				SUPPORTED_PLATFORMS = "iphoneos iphonesimulator";
				SUPPORTS_MACCATALYST = NO;
				SUPPORTS_MAC_DESIGNED_FOR_IPHONE_IPAD = NO;
				SUPPORTS_XR_DESIGNED_FOR_IPHONE_IPAD = NO;
				SWIFT_EMIT_LOC_STRINGS = YES;
				SWIFT_VERSION = 5.0;
				TARGETED_DEVICE_FAMILY = 1;
			};
			name = Release;
		};
/* End XCBuildConfiguration section */

/* Begin XCConfigurationList section */
		DB2F5C392C59A46C008FF94F /* Build configuration list for PBXProject "Tracker" */ = {
			isa = XCConfigurationList;
			buildConfigurations = (
				DB2F5C502C59A46D008FF94F /* Debug */,
				DB2F5C512C59A46D008FF94F /* Release */,
			);
			defaultConfigurationIsVisible = 0;
			defaultConfigurationName = Release;
		};
		DB2F5C522C59A46D008FF94F /* Build configuration list for PBXNativeTarget "Tracker" */ = {
			isa = XCConfigurationList;
			buildConfigurations = (
				DB2F5C532C59A46D008FF94F /* Debug */,
				DB2F5C542C59A46D008FF94F /* Release */,
			);
			defaultConfigurationIsVisible = 0;
			defaultConfigurationName = Release;
		};
/* End XCConfigurationList section */

/* Begin XCVersionGroup section */
		DB3B35242C7E7D2B00441F97 /* TrackerDataModel.xcdatamodeld */ = {
			isa = XCVersionGroup;
			children = (
				DB3B35252C7E7D2B00441F97 /* TrackerDataModel.xcdatamodel */,
			);
			currentVersion = DB3B35252C7E7D2B00441F97 /* TrackerDataModel.xcdatamodel */;
			path = TrackerDataModel.xcdatamodeld;
			sourceTree = "<group>";
			versionGroupType = wrapper.xcdatamodel;
		};
/* End XCVersionGroup section */
	};
	rootObject = DB2F5C362C59A46C008FF94F /* Project object */;
}
